// !$*UTF8*$!
{
	archiveVersion = 1;
	classes = {
	};
	objectVersion = 60;
	objects = {

/* Begin PBXBuildFile section */
		CAD0C0DE2FE2001100EA8C5F /* NotificationService.swift in Sources */ = {isa = PBXBuildFile; fileRef = CAD0C0DE2FE2000100EA8C5F /* NotificationService.swift */; };
		CAD0C0DE2FE2001200EA8C5F /* avatars in Resources */ = {isa = PBXBuildFile; fileRef = CAD0C0DE2FE2000400EA8C5F /* avatars */; };
		CAD0C0DE2FE2001300EA8C5F /* CoachPortraitIntent.swift in Sources */ = {isa = PBXBuildFile; fileRef = CAD0C0DE2FE2000600EA8C5F /* CoachPortraitIntent.swift */; };
		CAD0C0DE2FE2001400EA8C5F /* CoachPortraitIntent.swift in Sources */ = {isa = PBXBuildFile; fileRef = CAD0C0DE2FE2000600EA8C5F /* CoachPortraitIntent.swift */; };
		CAD0C0DE2FE2001500EA8C5F /* CadenceNotificationService.appex in Embed Foundation Extensions */ = {isa = PBXBuildFile; fileRef = CAD0C0DE2FE2000500EA8C5F /* CadenceNotificationService.appex */; settings = {ATTRIBUTES = (RemoveHeadersOnCopy, ); }; };
		CAD0C0DE2FE3001100EA8C5F /* CadenceTimerWidgetBundle.swift in Sources */ = {isa = PBXBuildFile; fileRef = CAD0C0DE2FE3000100EA8C5F /* CadenceTimerWidgetBundle.swift */; };
		CAD0C0DE2FE3001200EA8C5F /* CadenceTimerLiveActivity.swift in Sources */ = {isa = PBXBuildFile; fileRef = CAD0C0DE2FE3000600EA8C5F /* CadenceTimerLiveActivity.swift */; };
		CAD0C0DE2FE3001300EA8C5F /* TimerActivityAttributes.swift in Sources */ = {isa = PBXBuildFile; fileRef = CAD0C0DE2FE3000300EA8C5F /* TimerActivityAttributes.swift */; };
		CAD0C0DE2FE3001400EA8C5F /* TimerActivityAttributes.swift in Sources */ = {isa = PBXBuildFile; fileRef = CAD0C0DE2FE3000300EA8C5F /* TimerActivityAttributes.swift */; };
		CAD0C0DE2FE3001500EA8C5F /* CadenceLiveActivityPlugin.swift in Sources */ = {isa = PBXBuildFile; fileRef = CAD0C0DE2FE3000400EA8C5F /* CadenceLiveActivityPlugin.swift */; };
		CAD0C0DE2FE3001600EA8C5F /* CadenceTimerWidget.appex in Embed Foundation Extensions */ = {isa = PBXBuildFile; fileRef = CAD0C0DE2FE3000500EA8C5F /* CadenceTimerWidget.appex */; settings = {ATTRIBUTES = (RemoveHeadersOnCopy, ); }; };
		2FAD9763203C412B000D30F8 /* config.xml in Resources */ = {isa = PBXBuildFile; fileRef = 2FAD9762203C412B000D30F8 /* config.xml */; };
		4D22ABE92AF431CB00220026 /* CapApp-SPM in Frameworks */ = {isa = PBXBuildFile; productRef = 4D22ABE82AF431CB00220026 /* CapApp-SPM */; };
		50379B232058CBB4000EE86E /* capacitor.config.json in Resources */ = {isa = PBXBuildFile; fileRef = 50379B222058CBB4000EE86E /* capacitor.config.json */; };
		504EC3081FED79650016851F /* AppDelegate.swift in Sources */ = {isa = PBXBuildFile; fileRef = 504EC3071FED79650016851F /* AppDelegate.swift */; };
		504EC30D1FED79650016851F /* Main.storyboard in Resources */ = {isa = PBXBuildFile; fileRef = 504EC30B1FED79650016851F /* Main.storyboard */; };
		504EC30F1FED79650016851F /* Assets.xcassets in Resources */ = {isa = PBXBuildFile; fileRef = 504EC30E1FED79650016851F /* Assets.xcassets */; };
		504EC3121FED79650016851F /* LaunchScreen.storyboard in Resources */ = {isa = PBXBuildFile; fileRef = 504EC3101FED79650016851F /* LaunchScreen.storyboard */; };
		50B271D11FEDC1A000F3C39B /* public in Resources */ = {isa = PBXBuildFile; fileRef = 50B271D01FEDC1A000F3C39B /* public */; };
		9582B6832FE993A70072D4E8 /* SceneDelegate.swift in Sources */ = {isa = PBXBuildFile; fileRef = 9582B6822FE993A50072D4E8 /* SceneDelegate.swift */; };
		CAD0C0DE2FE0000200EA8C5F /* CadenceCoachIdentityPlugin.swift in Sources */ = {isa = PBXBuildFile; fileRef = CAD0C0DE2FE0000100EA8C5F /* CadenceCoachIdentityPlugin.swift */; };
		CAD0C0DE2FE0000400EA8C5F /* CadenceWorkoutPlanPlugin.swift in Sources */ = {isa = PBXBuildFile; fileRef = CAD0C0DE2FE0000300EA8C5F /* CadenceWorkoutPlanPlugin.swift */; };
		CAD0C0DE2FE1001100EA8C5F /* CadenceWatchApp.swift in Sources */ = {isa = PBXBuildFile; fileRef = CAD0C0DE2FE1000100EA8C5F /* CadenceWatchApp.swift */; };
		CAD0C0DE2FE1001200EA8C5F /* WatchTheme.swift in Sources */ = {isa = PBXBuildFile; fileRef = CAD0C0DE2FE1000200EA8C5F /* WatchTheme.swift */; };
		CAD0C0DE2FE1001300EA8C5F /* IntervalEngine.swift in Sources */ = {isa = PBXBuildFile; fileRef = CAD0C0DE2FE1000300EA8C5F /* IntervalEngine.swift */; };
		CAD0C0DE2FE1001400EA8C5F /* WatchSession.swift in Sources */ = {isa = PBXBuildFile; fileRef = CAD0C0DE2FE1000400EA8C5F /* WatchSession.swift */; };
		CAD0C0DE2FE1001500EA8C5F /* WedgeRing.swift in Sources */ = {isa = PBXBuildFile; fileRef = CAD0C0DE2FE1000500EA8C5F /* WedgeRing.swift */; };
		CAD0C0DE2FE1001600EA8C5F /* TodayView.swift in Sources */ = {isa = PBXBuildFile; fileRef = CAD0C0DE2FE1000600EA8C5F /* TodayView.swift */; };
		CAD0C0DE2FE1001700EA8C5F /* SessionDetailView.swift in Sources */ = {isa = PBXBuildFile; fileRef = CAD0C0DE2FE1000700EA8C5F /* SessionDetailView.swift */; };
		CAD0C0DE2FE1001800EA8C5F /* IntervalPlayerView.swift in Sources */ = {isa = PBXBuildFile; fileRef = CAD0C0DE2FE1000800EA8C5F /* IntervalPlayerView.swift */; };
		CAD0C0DE2FE1005A00EA8C5F /* WatchLog.swift in Sources */ = {isa = PBXBuildFile; fileRef = CAD0C0DE2FE1004A00EA8C5F /* WatchLog.swift */; };
		CAD0C0DE2FE1005B00EA8C5F /* WatchFonts.swift in Sources */ = {isa = PBXBuildFile; fileRef = CAD0C0DE2FE1004B00EA8C5F /* WatchFonts.swift */; };
		CAD0C0DE2FE1005C00EA8C5F /* RouteRecorder.swift in Sources */ = {isa = PBXBuildFile; fileRef = CAD0C0DE2FE1004C00EA8C5F /* RouteRecorder.swift */; };
		CAD0C0DE2FE1005D00EA8C5F /* TrackedSessionView.swift in Sources */ = {isa = PBXBuildFile; fileRef = CAD0C0DE2FE1004D00EA8C5F /* TrackedSessionView.swift */; };
		CAD0C0DE2FE1005E00EA8C5F /* AlwaysOn.swift in Sources */ = {isa = PBXBuildFile; fileRef = CAD0C0DE2FE1004E00EA8C5F /* AlwaysOn.swift */; };
		CAD0C0DE2FE1005F00EA8C5F /* HoldView.swift in Sources */ = {isa = PBXBuildFile; fileRef = CAD0C0DE2FE1004F00EA8C5F /* HoldView.swift */; };
		CAD0C0DE2FE1005100EA8C5F /* WatchStore.swift in Sources */ = {isa = PBXBuildFile; fileRef = CAD0C0DE2FE1004100EA8C5F /* WatchStore.swift */; };
		CAD0C0DE2FE1005200EA8C5F /* WorkoutSpec.swift in Sources */ = {isa = PBXBuildFile; fileRef = CAD0C0DE2FE1004200EA8C5F /* WorkoutSpec.swift */; };
		CAD0C0DE2FE1005300EA8C5F /* HandoffView.swift in Sources */ = {isa = PBXBuildFile; fileRef = CAD0C0DE2FE1004300EA8C5F /* HandoffView.swift */; };
		CAD0C0DE2FE1005400EA8C5F /* WeekView.swift in Sources */ = {isa = PBXBuildFile; fileRef = CAD0C0DE2FE1004400EA8C5F /* WeekView.swift */; };
		CAD0C0DE2FE1005500EA8C5F /* SitView.swift in Sources */ = {isa = PBXBuildFile; fileRef = CAD0C0DE2FE1004500EA8C5F /* SitView.swift */; };
		CAD0C0DE2FE1005600EA8C5F /* StrengthPlan.swift in Sources */ = {isa = PBXBuildFile; fileRef = CAD0C0DE2FE1004600EA8C5F /* StrengthPlan.swift */; };
		CAD0C0DE2FE1005700EA8C5F /* StrengthTimerView.swift in Sources */ = {isa = PBXBuildFile; fileRef = CAD0C0DE2FE1004700EA8C5F /* StrengthTimerView.swift */; };
		CAD0C0DE2FE1005800EA8C5F /* SetLogView.swift in Sources */ = {isa = PBXBuildFile; fileRef = CAD0C0DE2FE1004800EA8C5F /* SetLogView.swift */; };
		CAD0C0DE2FE1005900EA8C5F /* DoneView.swift in Sources */ = {isa = PBXBuildFile; fileRef = CAD0C0DE2FE1004900EA8C5F /* DoneView.swift */; };
		CAD0C0DE2FE0000800EA8C5F /* WorkoutActivityMap.swift in Sources */ = {isa = PBXBuildFile; fileRef = CAD0C0DE2FE0000700EA8C5F /* WorkoutActivityMap.swift */; };
		CAD0C0DE2FE0000900EA8C5F /* WorkoutActivityMap.swift in Sources */ = {isa = PBXBuildFile; fileRef = CAD0C0DE2FE0000700EA8C5F /* WorkoutActivityMap.swift */; };
		CAD0C0DE2FE0000600EA8C5F /* CadenceWatchSyncPlugin.swift in Sources */ = {isa = PBXBuildFile; fileRef = CAD0C0DE2FE0000500EA8C5F /* CadenceWatchSyncPlugin.swift */; };
		CAD0C0DE2FE1001900EA8C5F /* WorkoutController.swift in Sources */ = {isa = PBXBuildFile; fileRef = CAD0C0DE2FE1000900EA8C5F /* WorkoutController.swift */; };
		CAD0C0DE2FE1002B00EA8C5F /* CadenceWatch.app in Embed Watch Content */ = {isa = PBXBuildFile; fileRef = CAD0C0DE2FE1002100EA8C5F /* CadenceWatch.app */; settings = {ATTRIBUTES = (RemoveHeadersOnCopy, ); }; };
		CAD0C0DE2FE1016000EA8C5F /* PlusJakartaSans_400Regular.ttf in Resources */ = {isa = PBXBuildFile; fileRef = CAD0C0DE2FE1006000EA8C5F /* PlusJakartaSans_400Regular.ttf */; };
		CAD0C0DE2FE1016100EA8C5F /* PlusJakartaSans_500Medium.ttf in Resources */ = {isa = PBXBuildFile; fileRef = CAD0C0DE2FE1006100EA8C5F /* PlusJakartaSans_500Medium.ttf */; };
		CAD0C0DE2FE1016200EA8C5F /* PlusJakartaSans_600SemiBold.ttf in Resources */ = {isa = PBXBuildFile; fileRef = CAD0C0DE2FE1006200EA8C5F /* PlusJakartaSans_600SemiBold.ttf */; };
		CAD0C0DE2FE1016300EA8C5F /* PlusJakartaSans_700Bold.ttf in Resources */ = {isa = PBXBuildFile; fileRef = CAD0C0DE2FE1006300EA8C5F /* PlusJakartaSans_700Bold.ttf */; };
		CAD0C0DE2FE1016400EA8C5F /* PlusJakartaSans_800ExtraBold.ttf in Resources */ = {isa = PBXBuildFile; fileRef = CAD0C0DE2FE1006400EA8C5F /* PlusJakartaSans_800ExtraBold.ttf */; };
		CAD0C0DE2FE1016500EA8C5F /* SpaceMono_400Regular.ttf in Resources */ = {isa = PBXBuildFile; fileRef = CAD0C0DE2FE1006500EA8C5F /* SpaceMono_400Regular.ttf */; };
		CAD0C0DE2FE1016600EA8C5F /* SpaceMono_700Bold.ttf in Resources */ = {isa = PBXBuildFile; fileRef = CAD0C0DE2FE1006600EA8C5F /* SpaceMono_700Bold.ttf */; };
		CAD0C0DE2FE1003000EA8C5F /* Assets.xcassets in Resources */ = {isa = PBXBuildFile; fileRef = CAD0C0DE2FE1002E00EA8C5F /* Assets.xcassets */; };
		CAD0C0DE2FE1003100EA8C5F /* coach.jpg in Resources */ = {isa = PBXBuildFile; fileRef = CAD0C0DE2FE1002F00EA8C5F /* coach.jpg */; };
		CAD0C0DE2FE1003300EA8C5F /* CadenceAuthSessionPlugin.swift in Sources */ = {isa = PBXBuildFile; fileRef = CAD0C0DE2FE1003200EA8C5F /* CadenceAuthSessionPlugin.swift */; };
/* End PBXBuildFile section */

/* Begin PBXFileReference section */
		CAD0C0DE2FE2000100EA8C5F /* NotificationService.swift */ = {isa = PBXFileReference; lastKnownFileType = sourcecode.swift; path = NotificationService.swift; sourceTree = "<group>"; };
		CAD0C0DE2FE2000200EA8C5F /* Info.plist */ = {isa = PBXFileReference; lastKnownFileType = text.plist.xml; path = Info.plist; sourceTree = "<group>"; };
		CAD0C0DE2FE2000400EA8C5F /* avatars */ = {isa = PBXFileReference; lastKnownFileType = folder; name = avatars; path = "../../../cadence-web/public/avatars"; sourceTree = SOURCE_ROOT; };
		CAD0C0DE2FE2000500EA8C5F /* CadenceNotificationService.appex */ = {isa = PBXFileReference; explicitFileType = "wrapper.app-extension"; includeInIndex = 0; path = CadenceNotificationService.appex; sourceTree = BUILT_PRODUCTS_DIR; };
		CAD0C0DE2FE2000600EA8C5F /* CoachPortraitIntent.swift */ = {isa = PBXFileReference; lastKnownFileType = sourcecode.swift; path = CoachPortraitIntent.swift; sourceTree = "<group>"; };
		CAD0C0DE2FE3000100EA8C5F /* CadenceTimerWidgetBundle.swift */ = {isa = PBXFileReference; lastKnownFileType = sourcecode.swift; path = CadenceTimerWidgetBundle.swift; sourceTree = "<group>"; };
		CAD0C0DE2FE3000600EA8C5F /* CadenceTimerLiveActivity.swift */ = {isa = PBXFileReference; lastKnownFileType = sourcecode.swift; path = CadenceTimerLiveActivity.swift; sourceTree = "<group>"; };
		CAD0C0DE2FE3000200EA8C5F /* Info.plist */ = {isa = PBXFileReference; lastKnownFileType = text.plist.xml; path = Info.plist; sourceTree = "<group>"; };
		CAD0C0DE2FE3000300EA8C5F /* TimerActivityAttributes.swift */ = {isa = PBXFileReference; lastKnownFileType = sourcecode.swift; path = TimerActivityAttributes.swift; sourceTree = "<group>"; };
		CAD0C0DE2FE3000400EA8C5F /* CadenceLiveActivityPlugin.swift */ = {isa = PBXFileReference; lastKnownFileType = sourcecode.swift; name = CadenceLiveActivityPlugin.swift; path = CadenceLiveActivity/CadenceLiveActivityPlugin.swift; sourceTree = "<group>"; };
		CAD0C0DE2FE3000500EA8C5F /* CadenceTimerWidget.appex */ = {isa = PBXFileReference; explicitFileType = "wrapper.app-extension"; includeInIndex = 0; path = CadenceTimerWidget.appex; sourceTree = BUILT_PRODUCTS_DIR; };
		2FAD9762203C412B000D30F8 /* config.xml */ = {isa = PBXFileReference; lastKnownFileType = text.xml; path = config.xml; sourceTree = "<group>"; };
		50379B222058CBB4000EE86E /* capacitor.config.json */ = {isa = PBXFileReference; fileEncoding = 4; lastKnownFileType = text.json; path = capacitor.config.json; sourceTree = "<group>"; };
		504EC3041FED79650016851F /* App.app */ = {isa = PBXFileReference; explicitFileType = wrapper.application; includeInIndex = 0; path = App.app; sourceTree = BUILT_PRODUCTS_DIR; };
		504EC3071FED79650016851F /* AppDelegate.swift */ = {isa = PBXFileReference; lastKnownFileType = sourcecode.swift; path = AppDelegate.swift; sourceTree = "<group>"; };
		504EC30C1FED79650016851F /* Base */ = {isa = PBXFileReference; lastKnownFileType = file.storyboard; name = Base; path = Base.lproj/Main.storyboard; sourceTree = "<group>"; };
		504EC30E1FED79650016851F /* Assets.xcassets */ = {isa = PBXFileReference; lastKnownFileType = folder.assetcatalog; path = Assets.xcassets; sourceTree = "<group>"; };
		504EC3111FED79650016851F /* Base */ = {isa = PBXFileReference; lastKnownFileType = file.storyboard; name = Base; path = Base.lproj/LaunchScreen.storyboard; sourceTree = "<group>"; };
		504EC3131FED79650016851F /* Info.plist */ = {isa = PBXFileReference; lastKnownFileType = text.plist.xml; path = Info.plist; sourceTree = "<group>"; };
		50B271D01FEDC1A000F3C39B /* public */ = {isa = PBXFileReference; lastKnownFileType = folder; path = public; sourceTree = "<group>"; };
		9582B6822FE993A50072D4E8 /* SceneDelegate.swift */ = {isa = PBXFileReference; lastKnownFileType = sourcecode.swift; path = SceneDelegate.swift; sourceTree = "<group>"; };
		958DCC722DB07C7200EA8C5F /* debug.xcconfig */ = {isa = PBXFileReference; lastKnownFileType = text.xcconfig; name = debug.xcconfig; path = ../debug.xcconfig; sourceTree = SOURCE_ROOT; };
		CAD0C0DE2FE0000100EA8C5F /* CadenceCoachIdentityPlugin.swift */ = {isa = PBXFileReference; lastKnownFileType = sourcecode.swift; name = CadenceCoachIdentityPlugin.swift; path = CadenceCoachIdentity/CadenceCoachIdentityPlugin.swift; sourceTree = "<group>"; };
		CAD0C0DE2FE0000300EA8C5F /* CadenceWorkoutPlanPlugin.swift */ = {isa = PBXFileReference; lastKnownFileType = sourcecode.swift; name = CadenceWorkoutPlanPlugin.swift; path = CadenceWorkoutPlan/CadenceWorkoutPlanPlugin.swift; sourceTree = "<group>"; };
		CAD0C0DE2FE1000100EA8C5F /* CadenceWatchApp.swift */ = {isa = PBXFileReference; lastKnownFileType = sourcecode.swift; path = CadenceWatchApp.swift; sourceTree = "<group>"; };
		CAD0C0DE2FE1000200EA8C5F /* WatchTheme.swift */ = {isa = PBXFileReference; lastKnownFileType = sourcecode.swift; path = WatchTheme.swift; sourceTree = "<group>"; };
		CAD0C0DE2FE1000300EA8C5F /* IntervalEngine.swift */ = {isa = PBXFileReference; lastKnownFileType = sourcecode.swift; path = IntervalEngine.swift; sourceTree = "<group>"; };
		CAD0C0DE2FE1000400EA8C5F /* WatchSession.swift */ = {isa = PBXFileReference; lastKnownFileType = sourcecode.swift; path = WatchSession.swift; sourceTree = "<group>"; };
		CAD0C0DE2FE1000500EA8C5F /* WedgeRing.swift */ = {isa = PBXFileReference; lastKnownFileType = sourcecode.swift; path = WedgeRing.swift; sourceTree = "<group>"; };
		CAD0C0DE2FE1000600EA8C5F /* TodayView.swift */ = {isa = PBXFileReference; lastKnownFileType = sourcecode.swift; path = TodayView.swift; sourceTree = "<group>"; };
		CAD0C0DE2FE1000700EA8C5F /* SessionDetailView.swift */ = {isa = PBXFileReference; lastKnownFileType = sourcecode.swift; path = SessionDetailView.swift; sourceTree = "<group>"; };
		CAD0C0DE2FE1000800EA8C5F /* IntervalPlayerView.swift */ = {isa = PBXFileReference; lastKnownFileType = sourcecode.swift; path = IntervalPlayerView.swift; sourceTree = "<group>"; };
		CAD0C0DE2FE1004A00EA8C5F /* WatchLog.swift */ = {isa = PBXFileReference; lastKnownFileType = sourcecode.swift; path = WatchLog.swift; sourceTree = "<group>"; };
		CAD0C0DE2FE1004B00EA8C5F /* WatchFonts.swift */ = {isa = PBXFileReference; lastKnownFileType = sourcecode.swift; path = WatchFonts.swift; sourceTree = "<group>"; };
		CAD0C0DE2FE1004C00EA8C5F /* RouteRecorder.swift */ = {isa = PBXFileReference; lastKnownFileType = sourcecode.swift; path = RouteRecorder.swift; sourceTree = "<group>"; };
		CAD0C0DE2FE1004D00EA8C5F /* TrackedSessionView.swift */ = {isa = PBXFileReference; lastKnownFileType = sourcecode.swift; path = TrackedSessionView.swift; sourceTree = "<group>"; };
		CAD0C0DE2FE1004E00EA8C5F /* AlwaysOn.swift */ = {isa = PBXFileReference; lastKnownFileType = sourcecode.swift; path = AlwaysOn.swift; sourceTree = "<group>"; };
		CAD0C0DE2FE1004F00EA8C5F /* HoldView.swift */ = {isa = PBXFileReference; lastKnownFileType = sourcecode.swift; path = HoldView.swift; sourceTree = "<group>"; };
		CAD0C0DE2FE1004100EA8C5F /* WatchStore.swift */ = {isa = PBXFileReference; lastKnownFileType = sourcecode.swift; path = WatchStore.swift; sourceTree = "<group>"; };
		CAD0C0DE2FE1004200EA8C5F /* WorkoutSpec.swift */ = {isa = PBXFileReference; lastKnownFileType = sourcecode.swift; path = WorkoutSpec.swift; sourceTree = "<group>"; };
		CAD0C0DE2FE1004300EA8C5F /* HandoffView.swift */ = {isa = PBXFileReference; lastKnownFileType = sourcecode.swift; path = HandoffView.swift; sourceTree = "<group>"; };
		CAD0C0DE2FE1004400EA8C5F /* WeekView.swift */ = {isa = PBXFileReference; lastKnownFileType = sourcecode.swift; path = WeekView.swift; sourceTree = "<group>"; };
		CAD0C0DE2FE1004500EA8C5F /* SitView.swift */ = {isa = PBXFileReference; lastKnownFileType = sourcecode.swift; path = SitView.swift; sourceTree = "<group>"; };
		CAD0C0DE2FE1004600EA8C5F /* StrengthPlan.swift */ = {isa = PBXFileReference; lastKnownFileType = sourcecode.swift; path = StrengthPlan.swift; sourceTree = "<group>"; };
		CAD0C0DE2FE1004700EA8C5F /* StrengthTimerView.swift */ = {isa = PBXFileReference; lastKnownFileType = sourcecode.swift; path = StrengthTimerView.swift; sourceTree = "<group>"; };
		CAD0C0DE2FE1004800EA8C5F /* SetLogView.swift */ = {isa = PBXFileReference; lastKnownFileType = sourcecode.swift; path = SetLogView.swift; sourceTree = "<group>"; };
		CAD0C0DE2FE1004900EA8C5F /* DoneView.swift */ = {isa = PBXFileReference; lastKnownFileType = sourcecode.swift; path = DoneView.swift; sourceTree = "<group>"; };
		CAD0C0DE2FE0000700EA8C5F /* WorkoutActivityMap.swift */ = {isa = PBXFileReference; lastKnownFileType = sourcecode.swift; name = WorkoutActivityMap.swift; path = Shared/WorkoutActivityMap.swift; sourceTree = SOURCE_ROOT; };
		CAD0C0DE2FE0000500EA8C5F /* CadenceWatchSyncPlugin.swift */ = {isa = PBXFileReference; lastKnownFileType = sourcecode.swift; name = CadenceWatchSyncPlugin.swift; path = CadenceWatchSync/CadenceWatchSyncPlugin.swift; sourceTree = "<group>"; };
		CAD0C0DE2FE1000900EA8C5F /* WorkoutController.swift */ = {isa = PBXFileReference; lastKnownFileType = sourcecode.swift; path = WorkoutController.swift; sourceTree = "<group>"; };
		CAD0C0DE2FE1002000EA8C5F /* CadenceWatch.entitlements */ = {isa = PBXFileReference; lastKnownFileType = text.plist.entitlements; path = CadenceWatch.entitlements; sourceTree = "<group>"; };
		CAD0C0DE2FE1002100EA8C5F /* CadenceWatch.app */ = {isa = PBXFileReference; explicitFileType = wrapper.application; includeInIndex = 0; path = CadenceWatch.app; sourceTree = BUILT_PRODUCTS_DIR; };
		CAD0C0DE2FE1006000EA8C5F /* PlusJakartaSans_400Regular.ttf */ = {isa = PBXFileReference; lastKnownFileType = file; name = PlusJakartaSans_400Regular.ttf; path = Fonts/PlusJakartaSans_400Regular.ttf; sourceTree = "<group>"; };
		CAD0C0DE2FE1006100EA8C5F /* PlusJakartaSans_500Medium.ttf */ = {isa = PBXFileReference; lastKnownFileType = file; name = PlusJakartaSans_500Medium.ttf; path = Fonts/PlusJakartaSans_500Medium.ttf; sourceTree = "<group>"; };
		CAD0C0DE2FE1006200EA8C5F /* PlusJakartaSans_600SemiBold.ttf */ = {isa = PBXFileReference; lastKnownFileType = file; name = PlusJakartaSans_600SemiBold.ttf; path = Fonts/PlusJakartaSans_600SemiBold.ttf; sourceTree = "<group>"; };
		CAD0C0DE2FE1006300EA8C5F /* PlusJakartaSans_700Bold.ttf */ = {isa = PBXFileReference; lastKnownFileType = file; name = PlusJakartaSans_700Bold.ttf; path = Fonts/PlusJakartaSans_700Bold.ttf; sourceTree = "<group>"; };
		CAD0C0DE2FE1006400EA8C5F /* PlusJakartaSans_800ExtraBold.ttf */ = {isa = PBXFileReference; lastKnownFileType = file; name = PlusJakartaSans_800ExtraBold.ttf; path = Fonts/PlusJakartaSans_800ExtraBold.ttf; sourceTree = "<group>"; };
		CAD0C0DE2FE1006500EA8C5F /* SpaceMono_400Regular.ttf */ = {isa = PBXFileReference; lastKnownFileType = file; name = SpaceMono_400Regular.ttf; path = Fonts/SpaceMono_400Regular.ttf; sourceTree = "<group>"; };
		CAD0C0DE2FE1006600EA8C5F /* SpaceMono_700Bold.ttf */ = {isa = PBXFileReference; lastKnownFileType = file; name = SpaceMono_700Bold.ttf; path = Fonts/SpaceMono_700Bold.ttf; sourceTree = "<group>"; };
		CAD0C0DE2FE1002E00EA8C5F /* Assets.xcassets */ = {isa = PBXFileReference; lastKnownFileType = folder.assetcatalog; path = Assets.xcassets; sourceTree = "<group>"; };
		CAD0C0DE2FE1002F00EA8C5F /* coach.jpg */ = {isa = PBXFileReference; lastKnownFileType = image.jpeg; path = coach.jpg; sourceTree = "<group>"; };
		CAD0C0DE2FE1003200EA8C5F /* CadenceAuthSessionPlugin.swift */ = {isa = PBXFileReference; lastKnownFileType = sourcecode.swift; name = CadenceAuthSessionPlugin.swift; path = CadenceAuthSession/CadenceAuthSessionPlugin.swift; sourceTree = "<group>"; };
/* End PBXFileReference section */

/* Begin PBXContainerItemProxy section */
		CAD0C0DE2FE2002C00EA8C5F /* PBXContainerItemProxy */ = {
			isa = PBXContainerItemProxy;
			containerPortal = 504EC2FC1FED79650016851F /* Project object */;
			proxyType = 1;
			remoteGlobalIDString = CAD0C0DE2FE2002600EA8C5F;
			remoteInfo = CadenceNotificationService;
		};
		CAD0C0DE2FE3002C00EA8C5F /* PBXContainerItemProxy */ = {
			isa = PBXContainerItemProxy;
			containerPortal = 504EC2FC1FED79650016851F /* Project object */;
			proxyType = 1;
			remoteGlobalIDString = CAD0C0DE2FE3002600EA8C5F;
			remoteInfo = CadenceTimerWidget;
		};
		CAD0C0DE2FE1002C00EA8C5F /* PBXContainerItemProxy */ = {
			isa = PBXContainerItemProxy;
			containerPortal = 504EC2FC1FED79650016851F /* Project object */;
			proxyType = 1;
			remoteGlobalIDString = CAD0C0DE2FE1002600EA8C5F;
			remoteInfo = CadenceWatch;
		};
/* End PBXContainerItemProxy section */

/* Begin PBXCopyFilesBuildPhase section */
		CAD0C0DE2FE2002500EA8C5F /* Embed Foundation Extensions */ = {
			isa = PBXCopyFilesBuildPhase;
			buildActionMask = 2147483647;
			dstPath = "";
			dstSubfolderSpec = 13;
			files = (
				CAD0C0DE2FE2001500EA8C5F /* CadenceNotificationService.appex in Embed Foundation Extensions */,
				CAD0C0DE2FE3001600EA8C5F /* CadenceTimerWidget.appex in Embed Foundation Extensions */,
			);
			name = "Embed Foundation Extensions";
			runOnlyForDeploymentPostprocessing = 0;
		};
		CAD0C0DE2FE1002A00EA8C5F /* Embed Watch Content */ = {
			isa = PBXCopyFilesBuildPhase;
			buildActionMask = 2147483647;
			dstPath = "$(CONTENTS_FOLDER_PATH)/Watch";
			dstSubfolderSpec = 16;
			files = (
				CAD0C0DE2FE1002B00EA8C5F /* CadenceWatch.app in Embed Watch Content */,
			);
			name = "Embed Watch Content";
			runOnlyForDeploymentPostprocessing = 0;
		};
/* End PBXCopyFilesBuildPhase section */

/* Begin PBXFrameworksBuildPhase section */
		CAD0C0DE2FE2002300EA8C5F /* Frameworks */ = {
			isa = PBXFrameworksBuildPhase;
			buildActionMask = 2147483647;
			files = (
			);
			runOnlyForDeploymentPostprocessing = 0;
		};
		CAD0C0DE2FE3002300EA8C5F /* Frameworks */ = {
			isa = PBXFrameworksBuildPhase;
			buildActionMask = 2147483647;
			files = (
			);
			runOnlyForDeploymentPostprocessing = 0;
		};
		504EC3011FED79650016851F /* Frameworks */ = {
			isa = PBXFrameworksBuildPhase;
			buildActionMask = 2147483647;
			files = (
				4D22ABE92AF431CB00220026 /* CapApp-SPM in Frameworks */,
			);
			runOnlyForDeploymentPostprocessing = 0;
		};
		CAD0C0DE2FE1002400EA8C5F /* Frameworks */ = {
			isa = PBXFrameworksBuildPhase;
			buildActionMask = 2147483647;
			files = (
			);
			runOnlyForDeploymentPostprocessing = 0;
		};
/* End PBXFrameworksBuildPhase section */

/* Begin PBXGroup section */
		CAD0C0DE2FE2002000EA8C5F /* CadenceNotificationService */ = {
			isa = PBXGroup;
			children = (
				CAD0C0DE2FE2000100EA8C5F /* NotificationService.swift */,
				CAD0C0DE2FE2000200EA8C5F /* Info.plist */,
				CAD0C0DE2FE2000400EA8C5F /* avatars */,
			);
			path = CadenceNotificationService;
			sourceTree = "<group>";
		};
		CAD0C0DE2FE3002000EA8C5F /* CadenceTimerWidget */ = {
			isa = PBXGroup;
			children = (
				CAD0C0DE2FE3000100EA8C5F /* CadenceTimerWidgetBundle.swift */,
				CAD0C0DE2FE3000600EA8C5F /* CadenceTimerLiveActivity.swift */,
				CAD0C0DE2FE3000200EA8C5F /* Info.plist */,
			);
			path = CadenceTimerWidget;
			sourceTree = "<group>";
		};
		CAD0C0DE2FE2002100EA8C5F /* Shared */ = {
			isa = PBXGroup;
			children = (
				CAD0C0DE2FE2000600EA8C5F /* CoachPortraitIntent.swift */,
				CAD0C0DE2FE3000300EA8C5F /* TimerActivityAttributes.swift */,
			);
			path = Shared;
			sourceTree = "<group>";
		};
		504EC2FB1FED79650016851F = {
			isa = PBXGroup;
			children = (
				958DCC722DB07C7200EA8C5F /* debug.xcconfig */,
				504EC3061FED79650016851F /* App */,
				CAD0C0DE2FE1002200EA8C5F /* CadenceWatch */,
				CAD0C0DE2FE2002000EA8C5F /* CadenceNotificationService */,
				CAD0C0DE2FE2002100EA8C5F /* Shared */,
				CAD0C0DE2FE3002000EA8C5F /* CadenceTimerWidget */,
				504EC3051FED79650016851F /* Products */,
			);
			sourceTree = "<group>";
		};
		504EC3051FED79650016851F /* Products */ = {
			isa = PBXGroup;
			children = (
				504EC3041FED79650016851F /* App.app */,
				CAD0C0DE2FE1002100EA8C5F /* CadenceWatch.app */,
				CAD0C0DE2FE2000500EA8C5F /* CadenceNotificationService.appex */,
				CAD0C0DE2FE3000500EA8C5F /* CadenceTimerWidget.appex */,
			);
			name = Products;
			sourceTree = "<group>";
		};
		504EC3061FED79650016851F /* App */ = {
			isa = PBXGroup;
			children = (
				9582B6822FE993A50072D4E8 /* SceneDelegate.swift */,
				CAD0C0DE2FE0000100EA8C5F /* CadenceCoachIdentityPlugin.swift */,
				CAD0C0DE2FE0000300EA8C5F /* CadenceWorkoutPlanPlugin.swift */,
				CAD0C0DE2FE0000500EA8C5F /* CadenceWatchSyncPlugin.swift */,
				CAD0C0DE2FE0000700EA8C5F /* WorkoutActivityMap.swift */,
				CAD0C0DE2FE1003200EA8C5F /* CadenceAuthSessionPlugin.swift */,
				CAD0C0DE2FE3000400EA8C5F /* CadenceLiveActivityPlugin.swift */,
				50379B222058CBB4000EE86E /* capacitor.config.json */,
				504EC3071FED79650016851F /* AppDelegate.swift */,
				504EC30B1FED79650016851F /* Main.storyboard */,
				504EC30E1FED79650016851F /* Assets.xcassets */,
				504EC3101FED79650016851F /* LaunchScreen.storyboard */,
				504EC3131FED79650016851F /* Info.plist */,
				2FAD9762203C412B000D30F8 /* config.xml */,
				50B271D01FEDC1A000F3C39B /* public */,
			);
			path = App;
			sourceTree = "<group>";
		};
		CAD0C0DE2FE1002200EA8C5F /* CadenceWatch */ = {
			isa = PBXGroup;
			children = (
				CAD0C0DE2FE1000100EA8C5F /* CadenceWatchApp.swift */,
				CAD0C0DE2FE1000200EA8C5F /* WatchTheme.swift */,
				CAD0C0DE2FE1000300EA8C5F /* IntervalEngine.swift */,
				CAD0C0DE2FE1000400EA8C5F /* WatchSession.swift */,
				CAD0C0DE2FE1000500EA8C5F /* WedgeRing.swift */,
				CAD0C0DE2FE1000600EA8C5F /* TodayView.swift */,
				CAD0C0DE2FE1000700EA8C5F /* SessionDetailView.swift */,
				CAD0C0DE2FE1000800EA8C5F /* IntervalPlayerView.swift */,
				CAD0C0DE2FE1000900EA8C5F /* WorkoutController.swift */,
				CAD0C0DE2FE1004100EA8C5F /* WatchStore.swift */,
				CAD0C0DE2FE1004F00EA8C5F /* HoldView.swift */,
				CAD0C0DE2FE1004E00EA8C5F /* AlwaysOn.swift */,
				CAD0C0DE2FE1004C00EA8C5F /* RouteRecorder.swift */,
				CAD0C0DE2FE1004D00EA8C5F /* TrackedSessionView.swift */,
				CAD0C0DE2FE1004B00EA8C5F /* WatchFonts.swift */,
				CAD0C0DE2FE1004A00EA8C5F /* WatchLog.swift */,
				CAD0C0DE2FE1004200EA8C5F /* WorkoutSpec.swift */,
				CAD0C0DE2FE1004300EA8C5F /* HandoffView.swift */,
				CAD0C0DE2FE1004400EA8C5F /* WeekView.swift */,
				CAD0C0DE2FE1004500EA8C5F /* SitView.swift */,
				CAD0C0DE2FE1004600EA8C5F /* StrengthPlan.swift */,
				CAD0C0DE2FE1004700EA8C5F /* StrengthTimerView.swift */,
				CAD0C0DE2FE1004800EA8C5F /* SetLogView.swift */,
				CAD0C0DE2FE1004900EA8C5F /* DoneView.swift */,
				CAD0C0DE2FE1002000EA8C5F /* CadenceWatch.entitlements */,
				CAD0C0DE2FE1002E00EA8C5F /* Assets.xcassets */,
				CAD0C0DE2FE1002F00EA8C5F /* coach.jpg */,
				CAD0C0DE2FE1006000EA8C5F /* PlusJakartaSans_400Regular.ttf */,
				CAD0C0DE2FE1006100EA8C5F /* PlusJakartaSans_500Medium.ttf */,
				CAD0C0DE2FE1006200EA8C5F /* PlusJakartaSans_600SemiBold.ttf */,
				CAD0C0DE2FE1006300EA8C5F /* PlusJakartaSans_700Bold.ttf */,
				CAD0C0DE2FE1006400EA8C5F /* PlusJakartaSans_800ExtraBold.ttf */,
				CAD0C0DE2FE1006500EA8C5F /* SpaceMono_400Regular.ttf */,
				CAD0C0DE2FE1006600EA8C5F /* SpaceMono_700Bold.ttf */,
			);
			path = CadenceWatch;
			sourceTree = "<group>";
		};
/* End PBXGroup section */

/* Begin PBXNativeTarget section */
		CAD0C0DE2FE3002600EA8C5F /* CadenceTimerWidget */ = {
			isa = PBXNativeTarget;
			buildConfigurationList = CAD0C0DE2FE3002700EA8C5F /* Build configuration list for PBXNativeTarget "CadenceTimerWidget" */;
			buildPhases = (
				CAD0C0DE2FE3002200EA8C5F /* Sources */,
				CAD0C0DE2FE3002300EA8C5F /* Frameworks */,
				CAD0C0DE2FE3002400EA8C5F /* Resources */,
			);
			buildRules = (
			);
			dependencies = (
			);
			name = CadenceTimerWidget;
			productName = CadenceTimerWidget;
			productReference = CAD0C0DE2FE3000500EA8C5F /* CadenceTimerWidget.appex */;
			productType = "com.apple.product-type.app-extension";
		};
		CAD0C0DE2FE2002600EA8C5F /* CadenceNotificationService */ = {
			isa = PBXNativeTarget;
			buildConfigurationList = CAD0C0DE2FE2002700EA8C5F /* Build configuration list for PBXNativeTarget "CadenceNotificationService" */;
			buildPhases = (
				CAD0C0DE2FE2002200EA8C5F /* Sources */,
				CAD0C0DE2FE2002300EA8C5F /* Frameworks */,
				CAD0C0DE2FE2002400EA8C5F /* Resources */,
			);
			buildRules = (
			);
			dependencies = (
			);
			name = CadenceNotificationService;
			productName = CadenceNotificationService;
			productReference = CAD0C0DE2FE2000500EA8C5F /* CadenceNotificationService.appex */;
			productType = "com.apple.product-type.app-extension";
		};
		504EC3031FED79650016851F /* App */ = {
			isa = PBXNativeTarget;
			buildConfigurationList = 504EC3161FED79650016851F /* Build configuration list for PBXNativeTarget "App" */;
			buildPhases = (
				504EC3001FED79650016851F /* Sources */,
				504EC3011FED79650016851F /* Frameworks */,
				504EC3021FED79650016851F /* Resources */,
				CAD0C0DE2FE1002A00EA8C5F /* Embed Watch Content */,
				CAD0C0DE2FE2002500EA8C5F /* Embed Foundation Extensions */,
			);
			buildRules = (
			);
			dependencies = (
				CAD0C0DE2FE1002D00EA8C5F /* PBXTargetDependency */,
				CAD0C0DE2FE2002D00EA8C5F /* PBXTargetDependency */,
				CAD0C0DE2FE3002D00EA8C5F /* PBXTargetDependency */,
			);
			name = App;
			packageProductDependencies = (
				4D22ABE82AF431CB00220026 /* CapApp-SPM */,
			);
			productName = App;
			productReference = 504EC3041FED79650016851F /* App.app */;
			productType = "com.apple.product-type.application";
		};
		CAD0C0DE2FE1002600EA8C5F /* CadenceWatch */ = {
			isa = PBXNativeTarget;
			buildConfigurationList = CAD0C0DE2FE1002700EA8C5F /* Build configuration list for PBXNativeTarget "CadenceWatch" */;
			buildPhases = (
				CAD0C0DE2FE1002300EA8C5F /* Sources */,
				CAD0C0DE2FE1002400EA8C5F /* Frameworks */,
				CAD0C0DE2FE1002500EA8C5F /* Resources */,
			);
			buildRules = (
			);
			dependencies = (
			);
			name = CadenceWatch;
			productName = CadenceWatch;
			productReference = CAD0C0DE2FE1002100EA8C5F /* CadenceWatch.app */;
			productType = "com.apple.product-type.application";
		};
/* End PBXNativeTarget section */

/* Begin PBXProject section */
		504EC2FC1FED79650016851F /* Project object */ = {
			isa = PBXProject;
			attributes = {
				LastSwiftUpdateCheck = 0920;
				LastUpgradeCheck = 0920;
				TargetAttributes = {
					504EC3031FED79650016851F = {
						CreatedOnToolsVersion = 9.2;
						LastSwiftMigration = 1100;
						ProvisioningStyle = Automatic;
					};
				};
			};
			buildConfigurationList = 504EC2FF1FED79650016851F /* Build configuration list for PBXProject "App" */;
			compatibilityVersion = "Xcode 8.0";
			developmentRegion = en;
			hasScannedForEncodings = 0;
			knownRegions = (
				en,
				Base,
			);
			mainGroup = 504EC2FB1FED79650016851F;
			packageReferences = (
				D4C12C0A2AAA248700AAC8A2 /* XCLocalSwiftPackageReference "CapApp-SPM" */,
			);
			productRefGroup = 504EC3051FED79650016851F /* Products */;
			projectDirPath = "";
			projectRoot = "";
			targets = (
				504EC3031FED79650016851F /* App */,
				CAD0C0DE2FE1002600EA8C5F /* CadenceWatch */,
				CAD0C0DE2FE2002600EA8C5F /* CadenceNotificationService */,
				CAD0C0DE2FE3002600EA8C5F /* CadenceTimerWidget */,
			);
		};
/* End PBXProject section */

/* Begin PBXResourcesBuildPhase section */
		CAD0C0DE2FE2002400EA8C5F /* Resources */ = {
			isa = PBXResourcesBuildPhase;
			buildActionMask = 2147483647;
			files = (
				CAD0C0DE2FE2001200EA8C5F /* avatars in Resources */,
			);
			runOnlyForDeploymentPostprocessing = 0;
		};
		CAD0C0DE2FE3002400EA8C5F /* Resources */ = {
			isa = PBXResourcesBuildPhase;
			buildActionMask = 2147483647;
			files = (
			);
			runOnlyForDeploymentPostprocessing = 0;
		};
		504EC3021FED79650016851F /* Resources */ = {
			isa = PBXResourcesBuildPhase;
			buildActionMask = 2147483647;
			files = (
				504EC3121FED79650016851F /* LaunchScreen.storyboard in Resources */,
				50B271D11FEDC1A000F3C39B /* public in Resources */,
				504EC30F1FED79650016851F /* Assets.xcassets in Resources */,
				50379B232058CBB4000EE86E /* capacitor.config.json in Resources */,
				504EC30D1FED79650016851F /* Main.storyboard in Resources */,
				2FAD9763203C412B000D30F8 /* config.xml in Resources */,
			);
			runOnlyForDeploymentPostprocessing = 0;
		};
		CAD0C0DE2FE1002500EA8C5F /* Resources */ = {
			isa = PBXResourcesBuildPhase;
			buildActionMask = 2147483647;
			files = (
				CAD0C0DE2FE1003000EA8C5F /* Assets.xcassets in Resources */,
				CAD0C0DE2FE1003100EA8C5F /* coach.jpg in Resources */,
				CAD0C0DE2FE1016000EA8C5F /* PlusJakartaSans_400Regular.ttf in Resources */,
				CAD0C0DE2FE1016100EA8C5F /* PlusJakartaSans_500Medium.ttf in Resources */,
				CAD0C0DE2FE1016200EA8C5F /* PlusJakartaSans_600SemiBold.ttf in Resources */,
				CAD0C0DE2FE1016300EA8C5F /* PlusJakartaSans_700Bold.ttf in Resources */,
				CAD0C0DE2FE1016400EA8C5F /* PlusJakartaSans_800ExtraBold.ttf in Resources */,
				CAD0C0DE2FE1016500EA8C5F /* SpaceMono_400Regular.ttf in Resources */,
				CAD0C0DE2FE1016600EA8C5F /* SpaceMono_700Bold.ttf in Resources */,
			);
			runOnlyForDeploymentPostprocessing = 0;
		};
/* End PBXResourcesBuildPhase section */

/* Begin PBXSourcesBuildPhase section */
		CAD0C0DE2FE2002200EA8C5F /* Sources */ = {
			isa = PBXSourcesBuildPhase;
			buildActionMask = 2147483647;
			files = (
				CAD0C0DE2FE2001100EA8C5F /* NotificationService.swift in Sources */,
				CAD0C0DE2FE2001300EA8C5F /* CoachPortraitIntent.swift in Sources */,
			);
			runOnlyForDeploymentPostprocessing = 0;
		};
		CAD0C0DE2FE3002200EA8C5F /* Sources */ = {
			isa = PBXSourcesBuildPhase;
			buildActionMask = 2147483647;
			files = (
				CAD0C0DE2FE3001100EA8C5F /* CadenceTimerWidgetBundle.swift in Sources */,
				CAD0C0DE2FE3001200EA8C5F /* CadenceTimerLiveActivity.swift in Sources */,
				CAD0C0DE2FE3001300EA8C5F /* TimerActivityAttributes.swift in Sources */,
			);
			runOnlyForDeploymentPostprocessing = 0;
		};
		504EC3001FED79650016851F /* Sources */ = {
			isa = PBXSourcesBuildPhase;
			buildActionMask = 2147483647;
			files = (
				504EC3081FED79650016851F /* AppDelegate.swift in Sources */,
				9582B6832FE993A70072D4E8 /* SceneDelegate.swift in Sources */,
				CAD0C0DE2FE0000200EA8C5F /* CadenceCoachIdentityPlugin.swift in Sources */,
				CAD0C0DE2FE0000400EA8C5F /* CadenceWorkoutPlanPlugin.swift in Sources */,
				CAD0C0DE2FE0000600EA8C5F /* CadenceWatchSyncPlugin.swift in Sources */,
				CAD0C0DE2FE0000800EA8C5F /* WorkoutActivityMap.swift in Sources */,
				CAD0C0DE2FE1003300EA8C5F /* CadenceAuthSessionPlugin.swift in Sources */,
				CAD0C0DE2FE2001400EA8C5F /* CoachPortraitIntent.swift in Sources */,
				CAD0C0DE2FE3001400EA8C5F /* TimerActivityAttributes.swift in Sources */,
				CAD0C0DE2FE3001500EA8C5F /* CadenceLiveActivityPlugin.swift in Sources */,
			);
			runOnlyForDeploymentPostprocessing = 0;
		};
		CAD0C0DE2FE1002300EA8C5F /* Sources */ = {
			isa = PBXSourcesBuildPhase;
			buildActionMask = 2147483647;
			files = (
				CAD0C0DE2FE1001100EA8C5F /* CadenceWatchApp.swift in Sources */,
				CAD0C0DE2FE1001200EA8C5F /* WatchTheme.swift in Sources */,
				CAD0C0DE2FE1001300EA8C5F /* IntervalEngine.swift in Sources */,
				CAD0C0DE2FE1001400EA8C5F /* WatchSession.swift in Sources */,
				CAD0C0DE2FE1001500EA8C5F /* WedgeRing.swift in Sources */,
				CAD0C0DE2FE1001600EA8C5F /* TodayView.swift in Sources */,
				CAD0C0DE2FE1001700EA8C5F /* SessionDetailView.swift in Sources */,
				CAD0C0DE2FE1001800EA8C5F /* IntervalPlayerView.swift in Sources */,
				CAD0C0DE2FE1001900EA8C5F /* WorkoutController.swift in Sources */,
				CAD0C0DE2FE1005100EA8C5F /* WatchStore.swift in Sources */,
				CAD0C0DE2FE1005F00EA8C5F /* HoldView.swift in Sources */,
				CAD0C0DE2FE1005E00EA8C5F /* AlwaysOn.swift in Sources */,
				CAD0C0DE2FE1005C00EA8C5F /* RouteRecorder.swift in Sources */,
				CAD0C0DE2FE1005D00EA8C5F /* TrackedSessionView.swift in Sources */,
				CAD0C0DE2FE1005B00EA8C5F /* WatchFonts.swift in Sources */,
				CAD0C0DE2FE1005A00EA8C5F /* WatchLog.swift in Sources */,
				CAD0C0DE2FE1005200EA8C5F /* WorkoutSpec.swift in Sources */,
				CAD0C0DE2FE0000900EA8C5F /* WorkoutActivityMap.swift in Sources */,
				CAD0C0DE2FE1005300EA8C5F /* HandoffView.swift in Sources */,
				CAD0C0DE2FE1005400EA8C5F /* WeekView.swift in Sources */,
				CAD0C0DE2FE1005500EA8C5F /* SitView.swift in Sources */,
				CAD0C0DE2FE1005600EA8C5F /* StrengthPlan.swift in Sources */,
				CAD0C0DE2FE1005700EA8C5F /* StrengthTimerView.swift in Sources */,
				CAD0C0DE2FE1005800EA8C5F /* SetLogView.swift in Sources */,
				CAD0C0DE2FE1005900EA8C5F /* DoneView.swift in Sources */,
			);
			runOnlyForDeploymentPostprocessing = 0;
		};
/* End PBXSourcesBuildPhase section */

/* Begin PBXTargetDependency section */
		CAD0C0DE2FE2002D00EA8C5F /* PBXTargetDependency */ = {
			isa = PBXTargetDependency;
			target = CAD0C0DE2FE2002600EA8C5F /* CadenceNotificationService */;
			targetProxy = CAD0C0DE2FE2002C00EA8C5F /* PBXContainerItemProxy */;
		};
		CAD0C0DE2FE3002D00EA8C5F /* PBXTargetDependency */ = {
			isa = PBXTargetDependency;
			target = CAD0C0DE2FE3002600EA8C5F /* CadenceTimerWidget */;
			targetProxy = CAD0C0DE2FE3002C00EA8C5F /* PBXContainerItemProxy */;
		};
		CAD0C0DE2FE1002D00EA8C5F /* PBXTargetDependency */ = {
			isa = PBXTargetDependency;
			target = CAD0C0DE2FE1002600EA8C5F /* CadenceWatch */;
			targetProxy = CAD0C0DE2FE1002C00EA8C5F /* PBXContainerItemProxy */;
		};
/* End PBXTargetDependency section */

/* Begin PBXVariantGroup section */
		504EC30B1FED79650016851F /* Main.storyboard */ = {
			isa = PBXVariantGroup;
			children = (
				504EC30C1FED79650016851F /* Base */,
			);
			name = Main.storyboard;
			sourceTree = "<group>";
		};
		504EC3101FED79650016851F /* LaunchScreen.storyboard */ = {
			isa = PBXVariantGroup;
			children = (
				504EC3111FED79650016851F /* Base */,
			);
			name = LaunchScreen.storyboard;
			sourceTree = "<group>";
		};
/* End PBXVariantGroup section */

/* Begin XCBuildConfiguration section */
		CAD0C0DE2FE3002800EA8C5F /* Debug */ = {
			isa = XCBuildConfiguration;
			buildSettings = {
				ASSETCATALOG_COMPILER_GLOBAL_ACCENT_COLOR_NAME = AccentColor;
				CODE_SIGN_STYLE = Automatic;
				CURRENT_PROJECT_VERSION = 2;
				DEVELOPMENT_TEAM = ZLU84LMGQ6;
				GENERATE_INFOPLIST_FILE = NO;
				INFOPLIST_FILE = CadenceTimerWidget/Info.plist;
				IPHONEOS_DEPLOYMENT_TARGET = 16.2;
				LD_RUNPATH_SEARCH_PATHS = (
					"$(inherited)",
					"@executable_path/Frameworks",
					"@executable_path/../../Frameworks",
				);
				MARKETING_VERSION = 1.0;
				PRODUCT_BUNDLE_IDENTIFIER = builders.cadence.app.TimerWidget;
				PRODUCT_NAME = "$(TARGET_NAME)";
				SKIP_INSTALL = YES;
				SWIFT_ACTIVE_COMPILATION_CONDITIONS = DEBUG;
				SWIFT_VERSION = 5.0;
				TARGETED_DEVICE_FAMILY = "1,2";
			};
			name = Debug;
		};
		CAD0C0DE2FE3002900EA8C5F /* Release */ = {
			isa = XCBuildConfiguration;
			buildSettings = {
				ASSETCATALOG_COMPILER_GLOBAL_ACCENT_COLOR_NAME = AccentColor;
				CODE_SIGN_STYLE = Automatic;
				CURRENT_PROJECT_VERSION = 2;
				DEVELOPMENT_TEAM = ZLU84LMGQ6;
				GENERATE_INFOPLIST_FILE = NO;
				INFOPLIST_FILE = CadenceTimerWidget/Info.plist;
				IPHONEOS_DEPLOYMENT_TARGET = 16.2;
				LD_RUNPATH_SEARCH_PATHS = (
					"$(inherited)",
					"@executable_path/Frameworks",
					"@executable_path/../../Frameworks",
				);
				MARKETING_VERSION = 1.0;
				PRODUCT_BUNDLE_IDENTIFIER = builders.cadence.app.TimerWidget;
				PRODUCT_NAME = "$(TARGET_NAME)";
				SKIP_INSTALL = YES;
				SWIFT_VERSION = 5.0;
				TARGETED_DEVICE_FAMILY = "1,2";
			};
			name = Release;
		};
		CAD0C0DE2FE2002800EA8C5F /* Debug */ = {
			isa = XCBuildConfiguration;
			buildSettings = {
				CODE_SIGN_ENTITLEMENTS = CadenceNotificationService/CadenceNotificationService.entitlements;
				CODE_SIGN_STYLE = Automatic;
				CURRENT_PROJECT_VERSION = 2;
				DEVELOPMENT_TEAM = ZLU84LMGQ6;
				GENERATE_INFOPLIST_FILE = NO;
				INFOPLIST_FILE = CadenceNotificationService/Info.plist;
				IPHONEOS_DEPLOYMENT_TARGET = 15.0;
				LD_RUNPATH_SEARCH_PATHS = (
					"$(inherited)",
					"@executable_path/Frameworks",
					"@executable_path/../../Frameworks",
				);
				MARKETING_VERSION = 1.0;
				PRODUCT_BUNDLE_IDENTIFIER = builders.cadence.app.NotificationService;
				PRODUCT_NAME = "$(TARGET_NAME)";
				SKIP_INSTALL = YES;
				SWIFT_ACTIVE_COMPILATION_CONDITIONS = DEBUG;
				SWIFT_VERSION = 5.0;
				TARGETED_DEVICE_FAMILY = "1,2";
			};
			name = Debug;
		};
		CAD0C0DE2FE2002900EA8C5F /* Release */ = {
			isa = XCBuildConfiguration;
			buildSettings = {
				CODE_SIGN_ENTITLEMENTS = CadenceNotificationService/CadenceNotificationService.entitlements;
				CODE_SIGN_STYLE = Automatic;
				CURRENT_PROJECT_VERSION = 2;
				DEVELOPMENT_TEAM = ZLU84LMGQ6;
				GENERATE_INFOPLIST_FILE = NO;
				INFOPLIST_FILE = CadenceNotificationService/Info.plist;
				IPHONEOS_DEPLOYMENT_TARGET = 15.0;
				LD_RUNPATH_SEARCH_PATHS = (
					"$(inherited)",
					"@executable_path/Frameworks",
					"@executable_path/../../Frameworks",
				);
				MARKETING_VERSION = 1.0;
				PRODUCT_BUNDLE_IDENTIFIER = builders.cadence.app.NotificationService;
				PRODUCT_NAME = "$(TARGET_NAME)";
				SKIP_INSTALL = YES;
				SWIFT_VERSION = 5.0;
				TARGETED_DEVICE_FAMILY = "1,2";
			};
			name = Release;
		};
		504EC3141FED79650016851F /* Debug */ = {
			isa = XCBuildConfiguration;
			baseConfigurationReference = 958DCC722DB07C7200EA8C5F /* debug.xcconfig */;
			buildSettings = {
				ALWAYS_SEARCH_USER_PATHS = NO;
				CLANG_ANALYZER_NONNULL = YES;
				CLANG_ANALYZER_NUMBER_OBJECT_CONVERSION = YES_AGGRESSIVE;
				CLANG_CXX_LANGUAGE_STANDARD = "gnu++14";
				CLANG_CXX_LIBRARY = "libc++";
				CLANG_ENABLE_MODULES = YES;
				CLANG_ENABLE_OBJC_ARC = YES;
				CLANG_WARN_BLOCK_CAPTURE_AUTORELEASING = YES;
				CLANG_WARN_BOOL_CONVERSION = YES;
				CLANG_WARN_COMMA = YES;
				CLANG_WARN_CONSTANT_CONVERSION = YES;
				CLANG_WARN_DIRECT_OBJC_ISA_USAGE = YES_ERROR;
				CLANG_WARN_DOCUMENTATION_COMMENTS = YES;
				CLANG_WARN_EMPTY_BODY = YES;
				CLANG_WARN_ENUM_CONVERSION = YES;
				CLANG_WARN_INFINITE_RECURSION = YES;
				CLANG_WARN_INT_CONVERSION = YES;
				CLANG_WARN_NON_LITERAL_NULL_CONVERSION = YES;
				CLANG_WARN_OBJC_LITERAL_CONVERSION = YES;
				CLANG_WARN_OBJC_ROOT_CLASS = YES_ERROR;
				CLANG_WARN_RANGE_LOOP_ANALYSIS = YES;
				CLANG_WARN_STRICT_PROTOTYPES = YES;
				CLANG_WARN_SUSPICIOUS_MOVE = YES;
				CLANG_WARN_UNGUARDED_AVAILABILITY = YES_AGGRESSIVE;
				CLANG_WARN_UNREACHABLE_CODE = YES;
				CLANG_WARN__DUPLICATE_METHOD_MATCH = YES;
				CODE_SIGN_IDENTITY = "iPhone Developer";
				COPY_PHASE_STRIP = NO;
				DEBUG_INFORMATION_FORMAT = dwarf;
				ENABLE_STRICT_OBJC_MSGSEND = YES;
				ENABLE_TESTABILITY = YES;
				GCC_C_LANGUAGE_STANDARD = gnu11;
				GCC_DYNAMIC_NO_PIC = NO;
				GCC_NO_COMMON_BLOCKS = YES;
				GCC_OPTIMIZATION_LEVEL = 0;
				GCC_PREPROCESSOR_DEFINITIONS = (
					"DEBUG=1",
					"$(inherited)",
				);
				GCC_WARN_64_TO_32_BIT_CONVERSION = YES;
				GCC_WARN_ABOUT_RETURN_TYPE = YES_ERROR;
				GCC_WARN_UNDECLARED_SELECTOR = YES;
				GCC_WARN_UNINITIALIZED_AUTOS = YES_AGGRESSIVE;
				GCC_WARN_UNUSED_FUNCTION = YES;
				GCC_WARN_UNUSED_VARIABLE = YES;
				IPHONEOS_DEPLOYMENT_TARGET = 15.0;
				MTL_ENABLE_DEBUG_INFO = YES;
				ONLY_ACTIVE_ARCH = YES;
				SDKROOT = iphoneos;
				SWIFT_ACTIVE_COMPILATION_CONDITIONS = DEBUG;
				SWIFT_OPTIMIZATION_LEVEL = "-Onone";
			};
			name = Debug;
		};
		504EC3151FED79650016851F /* Release */ = {
			isa = XCBuildConfiguration;
			buildSettings = {
				ALWAYS_SEARCH_USER_PATHS = NO;
				CLANG_ANALYZER_NONNULL = YES;
				CLANG_ANALYZER_NUMBER_OBJECT_CONVERSION = YES_AGGRESSIVE;
				CLANG_CXX_LANGUAGE_STANDARD = "gnu++14";
				CLANG_CXX_LIBRARY = "libc++";
				CLANG_ENABLE_MODULES = YES;
				CLANG_ENABLE_OBJC_ARC = YES;
				CLANG_WARN_BLOCK_CAPTURE_AUTORELEASING = YES;
				CLANG_WARN_BOOL_CONVERSION = YES;
				CLANG_WARN_COMMA = YES;
				CLANG_WARN_CONSTANT_CONVERSION = YES;
				CLANG_WARN_DIRECT_OBJC_ISA_USAGE = YES_ERROR;
				CLANG_WARN_DOCUMENTATION_COMMENTS = YES;
				CLANG_WARN_EMPTY_BODY = YES;
				CLANG_WARN_ENUM_CONVERSION = YES;
				CLANG_WARN_INFINITE_RECURSION = YES;
				CLANG_WARN_INT_CONVERSION = YES;
				CLANG_WARN_NON_LITERAL_NULL_CONVERSION = YES;
				CLANG_WARN_OBJC_LITERAL_CONVERSION = YES;
				CLANG_WARN_OBJC_ROOT_CLASS = YES_ERROR;
				CLANG_WARN_RANGE_LOOP_ANALYSIS = YES;
				CLANG_WARN_STRICT_PROTOTYPES = YES;
				CLANG_WARN_SUSPICIOUS_MOVE = YES;
				CLANG_WARN_UNGUARDED_AVAILABILITY = YES_AGGRESSIVE;
				CLANG_WARN_UNREACHABLE_CODE = YES;
				CLANG_WARN__DUPLICATE_METHOD_MATCH = YES;
				CODE_SIGN_IDENTITY = "iPhone Developer";
				COPY_PHASE_STRIP = NO;
				DEBUG_INFORMATION_FORMAT = "dwarf-with-dsym";
				ENABLE_NS_ASSERTIONS = NO;
				ENABLE_STRICT_OBJC_MSGSEND = YES;
				GCC_C_LANGUAGE_STANDARD = gnu11;
				GCC_NO_COMMON_BLOCKS = YES;
				GCC_WARN_64_TO_32_BIT_CONVERSION = YES;
				GCC_WARN_ABOUT_RETURN_TYPE = YES_ERROR;
				GCC_WARN_UNDECLARED_SELECTOR = YES;
				GCC_WARN_UNINITIALIZED_AUTOS = YES_AGGRESSIVE;
				GCC_WARN_UNUSED_FUNCTION = YES;
				GCC_WARN_UNUSED_VARIABLE = YES;
				IPHONEOS_DEPLOYMENT_TARGET = 15.0;
				MTL_ENABLE_DEBUG_INFO = NO;
				SDKROOT = iphoneos;
				SWIFT_COMPILATION_MODE = wholemodule;
				SWIFT_OPTIMIZATION_LEVEL = "-O";
				VALIDATE_PRODUCT = YES;
			};
			name = Release;
		};
		504EC3171FED79650016851F /* Debug */ = {
			isa = XCBuildConfiguration;
			baseConfigurationReference = 958DCC722DB07C7200EA8C5F /* debug.xcconfig */;
			buildSettings = {
				ASSETCATALOG_COMPILER_APPICON_NAME = AppIcon;
				CAPACITOR_DEBUG = true;
				CODE_SIGN_ENTITLEMENTS = App/App.entitlements;
				CODE_SIGN_STYLE = Automatic;
				CURRENT_PROJECT_VERSION = 2;
				DEVELOPMENT_TEAM = ZLU84LMGQ6;
				INFOPLIST_FILE = App/Info.plist;
				IPHONEOS_DEPLOYMENT_TARGET = 15.0;
				LD_RUNPATH_SEARCH_PATHS = (
					"$(inherited)",
					"@executable_path/Frameworks",
				);
				MARKETING_VERSION = 1.0;
				OTHER_SWIFT_FLAGS = "$(inherited) \"-D\" \"COCOAPODS\" \"-DDEBUG\"";
				PRODUCT_BUNDLE_IDENTIFIER = builders.cadence.app;
				PRODUCT_NAME = "$(TARGET_NAME)";
				SWIFT_ACTIVE_COMPILATION_CONDITIONS = DEBUG;
				SWIFT_VERSION = 5.0;
				TARGETED_DEVICE_FAMILY = "1,2";
			};
			name = Debug;
		};
		504EC3181FED79650016851F /* Release */ = {
			isa = XCBuildConfiguration;
			buildSettings = {
				ASSETCATALOG_COMPILER_APPICON_NAME = AppIcon;
				CAPACITOR_DEBUG = false;
				CODE_SIGN_ENTITLEMENTS = App/App.entitlements;
				CODE_SIGN_STYLE = Automatic;
				CURRENT_PROJECT_VERSION = 2;
				DEVELOPMENT_TEAM = ZLU84LMGQ6;
				INFOPLIST_FILE = App/Info.plist;
				IPHONEOS_DEPLOYMENT_TARGET = 15.0;
				LD_RUNPATH_SEARCH_PATHS = (
					"$(inherited)",
					"@executable_path/Frameworks",
				);
				MARKETING_VERSION = 1.0;
				PRODUCT_BUNDLE_IDENTIFIER = builders.cadence.app;
				PRODUCT_NAME = "$(TARGET_NAME)";
				SWIFT_ACTIVE_COMPILATION_CONDITIONS = "";
				SWIFT_VERSION = 5.0;
				TARGETED_DEVICE_FAMILY = "1,2";
			};
			name = Release;
		};
		CAD0C0DE2FE1002800EA8C5F /* Debug */ = {
			isa = XCBuildConfiguration;
			buildSettings = {
				ASSETCATALOG_COMPILER_APPICON_NAME = AppIcon;
				CODE_SIGN_ENTITLEMENTS = CadenceWatch/CadenceWatch.entitlements;
				CODE_SIGN_STYLE = Automatic;
				CURRENT_PROJECT_VERSION = 2;
				DEVELOPMENT_TEAM = ZLU84LMGQ6;
				ENABLE_PREVIEWS = YES;
				GENERATE_INFOPLIST_FILE = YES;
				INFOPLIST_KEY_CFBundleDisplayName = Cadence;
				INFOPLIST_KEY_NSHealthShareUsageDescription = "Reads your heart rate and workouts while a session is running, so the coach can see how it went.";
				INFOPLIST_KEY_NSHealthUpdateUsageDescription = "Saves the sessions you finish here to Apple Health, so your rings close.";
				INFOPLIST_KEY_NSLocationWhenInUseUsageDescription = "Records the route of a run or ride you start here, so the map and the distance are yours. Only while a session is running.";
				INFOPLIST_KEY_WKApplication = YES;
				INFOPLIST_KEY_WKCompanionAppBundleIdentifier = builders.cadence.app;
				LD_RUNPATH_SEARCH_PATHS = (
					"$(inherited)",
					"@executable_path/Frameworks",
				);
				MARKETING_VERSION = 1.0;
				PRODUCT_BUNDLE_IDENTIFIER = builders.cadence.app.watchkitapp;
				PRODUCT_NAME = "$(TARGET_NAME)";
				SDKROOT = watchos;
				SKIP_INSTALL = YES;
				SWIFT_ACTIVE_COMPILATION_CONDITIONS = DEBUG;
				SWIFT_VERSION = 5.0;
				TARGETED_DEVICE_FAMILY = 4;
				WATCHOS_DEPLOYMENT_TARGET = 10.0;
			};
			name = Debug;
		};
		CAD0C0DE2FE1002900EA8C5F /* Release */ = {
			isa = XCBuildConfiguration;
			buildSettings = {
				ASSETCATALOG_COMPILER_APPICON_NAME = AppIcon;
				CODE_SIGN_ENTITLEMENTS = CadenceWatch/CadenceWatch.entitlements;
				CODE_SIGN_STYLE = Automatic;
				CURRENT_PROJECT_VERSION = 2;
				DEVELOPMENT_TEAM = ZLU84LMGQ6;
				ENABLE_PREVIEWS = YES;
				GENERATE_INFOPLIST_FILE = YES;
				INFOPLIST_KEY_CFBundleDisplayName = Cadence;
				INFOPLIST_KEY_NSHealthShareUsageDescription = "Reads your heart rate and workouts while a session is running, so the coach can see how it went.";
				INFOPLIST_KEY_NSHealthUpdateUsageDescription = "Saves the sessions you finish here to Apple Health, so your rings close.";
				INFOPLIST_KEY_NSLocationWhenInUseUsageDescription = "Records the route of a run or ride you start here, so the map and the distance are yours. Only while a session is running.";
				INFOPLIST_KEY_WKApplication = YES;
				INFOPLIST_KEY_WKCompanionAppBundleIdentifier = builders.cadence.app;
				LD_RUNPATH_SEARCH_PATHS = (
					"$(inherited)",
					"@executable_path/Frameworks",
				);
				MARKETING_VERSION = 1.0;
				PRODUCT_BUNDLE_IDENTIFIER = builders.cadence.app.watchkitapp;
				PRODUCT_NAME = "$(TARGET_NAME)";
				SDKROOT = watchos;
				SKIP_INSTALL = YES;
				SWIFT_VERSION = 5.0;
				TARGETED_DEVICE_FAMILY = 4;
				WATCHOS_DEPLOYMENT_TARGET = 10.0;
			};
			name = Release;
		};
/* End XCBuildConfiguration section */

/* Begin XCConfigurationList section */
		CAD0C0DE2FE2002700EA8C5F /* Build configuration list for PBXNativeTarget "CadenceNotificationService" */ = {
			isa = XCConfigurationList;
			buildConfigurations = (
				CAD0C0DE2FE2002800EA8C5F /* Debug */,
				CAD0C0DE2FE2002900EA8C5F /* Release */,
			);
			defaultConfigurationIsVisible = 0;
			defaultConfigurationName = Release;
		};
		CAD0C0DE2FE3002700EA8C5F /* Build configuration list for PBXNativeTarget "CadenceTimerWidget" */ = {
			isa = XCConfigurationList;
			buildConfigurations = (
				CAD0C0DE2FE3002800EA8C5F /* Debug */,
				CAD0C0DE2FE3002900EA8C5F /* Release */,
			);
			defaultConfigurationIsVisible = 0;
			defaultConfigurationName = Release;
		};
		504EC2FF1FED79650016851F /* Build configuration list for PBXProject "App" */ = {
			isa = XCConfigurationList;
			buildConfigurations = (
				504EC3141FED79650016851F /* Debug */,
				504EC3151FED79650016851F /* Release */,
			);
			defaultConfigurationIsVisible = 0;
			defaultConfigurationName = Release;
		};
		504EC3161FED79650016851F /* Build configuration list for PBXNativeTarget "App" */ = {
			isa = XCConfigurationList;
			buildConfigurations = (
				504EC3171FED79650016851F /* Debug */,
				504EC3181FED79650016851F /* Release */,
			);
			defaultConfigurationIsVisible = 0;
			defaultConfigurationName = Release;
		};
		CAD0C0DE2FE1002700EA8C5F /* Build configuration list for PBXNativeTarget "CadenceWatch" */ = {
			isa = XCConfigurationList;
			buildConfigurations = (
				CAD0C0DE2FE1002800EA8C5F /* Debug */,
				CAD0C0DE2FE1002900EA8C5F /* Release */,
			);
			defaultConfigurationIsVisible = 0;
			defaultConfigurationName = Release;
		};
/* End XCConfigurationList section */

/* Begin XCLocalSwiftPackageReference section */
		D4C12C0A2AAA248700AAC8A2 /* XCLocalSwiftPackageReference "CapApp-SPM" */ = {
			isa = XCLocalSwiftPackageReference;
			relativePath = "CapApp-SPM";
		};
/* End XCLocalSwiftPackageReference section */

/* Begin XCSwiftPackageProductDependency section */
		4D22ABE82AF431CB00220026 /* CapApp-SPM */ = {
			isa = XCSwiftPackageProductDependency;
			package = D4C12C0A2AAA248700AAC8A2 /* XCLocalSwiftPackageReference "CapApp-SPM" */;
			productName = "CapApp-SPM";
		};
/* End XCSwiftPackageProductDependency section */
	};
	rootObject = 504EC2FC1FED79650016851F /* Project object */;
}
